
Microsoft Visual Studio Solution File, Format Version 12.00
# Visual Studio Version 17
VisualStudioVersion = 17.12.35527.113
MinimumVisualStudioVersion = 10.0.40219.1
Project("{8BC9CEB8-8B4A-11D0-8D11-00A0C91BC942}") = "Chap01&02&03", "Chap01&02&03\Chap01&02&03.vcxproj", "{0C234B0B-C9AA-42A5-9FD6-BB3CC66B918D}"
EndProject
Project("{8BC9CEB8-8B4A-11D0-8D11-00A0C91BC942}") = "Chap04", "Chap04\Chap04.vcxproj", "{36C76152-8F40-4AC5-B6DD-A61E8BD9D7CA}"
EndProject
Project("{8BC9CEB8-8B4A-11D0-8D11-00A0C91BC942}") = "Chap05&06", "Chap05\Chap05.vcxproj", "{905DF4C9-8D36-4D53-BE87-572EB5F0C3E9}"
EndProject
Project("{8BC9CEB8-8B4A-11D0-8D11-00A0C91BC942}") = "Chap07", "Chap07\Chap07.vcxproj", "{36A7284D-CAC8-438A-B077-B71D610FC195}"
EndProject
Project("{8BC9CEB8-8B4A-11D0-8D11-00A0C91BC942}") = "Chap08", "Chap08\Chap08.vcxproj", "{7643B86E-18B2-49A1-AD9B-37D442C49C28}"
EndProject
Project("{8BC9CEB8-8B4A-11D0-8D11-00A0C91BC942}") = "Chap09&Chap10", "Chap09\Chap09.vcxproj", "{6BBA09A7-2E49-449F-ABDA-DA3087912556}"
EndProject
Project("{8BC9CEB8-8B4A-11D0-8D11-00A0C91BC942}") = "workshop02", "workshop02\workshop02.vcxproj", "{DBAAD9EC-AE54-43BE-975E-B138102EE093}"
EndProject
Project("{8BC9CEB8-8B4A-11D0-8D11-00A0C91BC942}") = "workshop01", "workshop01\workshop01.vcxproj", "{6762A7CD-C2E7-43AA-87F5-A8D32990AEC6}"
EndProject
Project("{8BC9CEB8-8B4A-11D0-8D11-00A0C91BC942}") = "Chap11&12", "Chap11&12\Chap11&12.vcxproj", "{41ECB749-6778-4363-93D5-9CB994DD8C3B}"
EndProject
Project("{8BC9CEB8-8B4A-11D0-8D11-00A0C91BC942}") = "GameProject", "GameProject\GameProject.vcxproj", "{3EB1A4CB-E8A0-41D6-A3A1-5B6C08F2105E}"
EndProject
Project("{8BC9CEB8-8B4A-11D0-8D11-00A0C91BC942}") = "Chap13", "Chap13\Chap13.vcxproj", "{1725C343-7EC7-424A-B2A1-39451137144A}"
EndProject
Project("{8BC9CEB8-8B4A-11D0-8D11-00A0C91BC942}") = "Chap14", "Chap14\Chap14.vcxproj", "{F63C79E4-E8ED-4ACA-BD17-58CB03137D38}"
EndProject
Project("{8BC9CEB8-8B4A-11D0-8D11-00A0C91BC942}") = "Chap15", "Chap15\Chap15.vcxproj", "{28F1AFA6-7FB2-414D-A465-F9F55F6D2205}"
EndProject
Project("{8BC9CEB8-8B4A-11D0-8D11-00A0C91BC942}") = "Chap16", "Chap16\Chap16.vcxproj", "{547B7879-0F6F-4502-AB85-24A79F067496}"
EndProject
Project("{8BC9CEB8-8B4A-11D0-8D11-00A0C91BC942}") = "Chap17", "Chap17\Chap17.vcxproj", "{7825AF6F-CE06-4DC8-93F6-8BD4061F89D7}"
EndProject
Project("{8BC9CEB8-8B4A-11D0-8D11-00A0C91BC942}") = "workshop04", "workshop04\workshop04.vcxproj", "{E2381AB2-31B6-4C24-8499-A8A7A1ED909E}"
EndProject
Project("{8BC9CEB8-8B4A-11D0-8D11-00A0C91BC942}") = "Chap18", "Chap18\Chap18.vcxproj", "{288A3549-616A-4242-8877-FD27540ACCA9}"
EndProject
Project("{8BC9CEB8-8B4A-11D0-8D11-00A0C91BC942}") = "Chap19", "Chap19\Chap19.vcxproj", "{37C01C60-51F0-4F72-9545-4359B97DCB80}"
EndProject
Project("{8BC9CEB8-8B4A-11D0-8D11-00A0C91BC942}") = "workshop05", "workshop05\workshop05.vcxproj", "{55F42509-1BF9-4D72-93AC-6893CA65F1CB}"
EndProject
Global
	GlobalSection(SolutionConfigurationPlatforms) = preSolution
		Debug|x64 = Debug|x64
		Debug|x86 = Debug|x86
		Release|x64 = Release|x64
		Release|x86 = Release|x86
	EndGlobalSection
	GlobalSection(ProjectConfigurationPlatforms) = postSolution
		{0C234B0B-C9AA-42A5-9FD6-BB3CC66B918D}.Debug|x64.ActiveCfg = Debug|x64
		{0C234B0B-C9AA-42A5-9FD6-BB3CC66B918D}.Debug|x64.Build.0 = Debug|x64
		{0C234B0B-C9AA-42A5-9FD6-BB3CC66B918D}.Debug|x86.ActiveCfg = Debug|Win32
		{0C234B0B-C9AA-42A5-9FD6-BB3CC66B918D}.Debug|x86.Build.0 = Debug|Win32
		{0C234B0B-C9AA-42A5-9FD6-BB3CC66B918D}.Release|x64.ActiveCfg = Release|x64
		{0C234B0B-C9AA-42A5-9FD6-BB3CC66B918D}.Release|x64.Build.0 = Release|x64
		{0C234B0B-C9AA-42A5-9FD6-BB3CC66B918D}.Release|x86.ActiveCfg = Release|Win32
		{0C234B0B-C9AA-42A5-9FD6-BB3CC66B918D}.Release|x86.Build.0 = Release|Win32
		{36C76152-8F40-4AC5-B6DD-A61E8BD9D7CA}.Debug|x64.ActiveCfg = Debug|x64
		{36C76152-8F40-4AC5-B6DD-A61E8BD9D7CA}.Debug|x64.Build.0 = Debug|x64
		{36C76152-8F40-4AC5-B6DD-A61E8BD9D7CA}.Debug|x86.ActiveCfg = Debug|Win32
		{36C76152-8F40-4AC5-B6DD-A61E8BD9D7CA}.Debug|x86.Build.0 = Debug|Win32
		{36C76152-8F40-4AC5-B6DD-A61E8BD9D7CA}.Release|x64.ActiveCfg = Release|x64
		{36C76152-8F40-4AC5-B6DD-A61E8BD9D7CA}.Release|x64.Build.0 = Release|x64
		{36C76152-8F40-4AC5-B6DD-A61E8BD9D7CA}.Release|x86.ActiveCfg = Release|Win32
		{36C76152-8F40-4AC5-B6DD-A61E8BD9D7CA}.Release|x86.Build.0 = Release|Win32
		{905DF4C9-8D36-4D53-BE87-572EB5F0C3E9}.Debug|x64.ActiveCfg = Debug|x64
		{905DF4C9-8D36-4D53-BE87-572EB5F0C3E9}.Debug|x64.Build.0 = Debug|x64
		{905DF4C9-8D36-4D53-BE87-572EB5F0C3E9}.Debug|x86.ActiveCfg = Debug|Win32
		{905DF4C9-8D36-4D53-BE87-572EB5F0C3E9}.Debug|x86.Build.0 = Debug|Win32
		{905DF4C9-8D36-4D53-BE87-572EB5F0C3E9}.Release|x64.ActiveCfg = Release|x64
		{905DF4C9-8D36-4D53-BE87-572EB5F0C3E9}.Release|x64.Build.0 = Release|x64
		{905DF4C9-8D36-4D53-BE87-572EB5F0C3E9}.Release|x86.ActiveCfg = Release|Win32
		{905DF4C9-8D36-4D53-BE87-572EB5F0C3E9}.Release|x86.Build.0 = Release|Win32
		{36A7284D-CAC8-438A-B077-B71D610FC195}.Debug|x64.ActiveCfg = Debug|x64
		{36A7284D-CAC8-438A-B077-B71D610FC195}.Debug|x64.Build.0 = Debug|x64
		{36A7284D-CAC8-438A-B077-B71D610FC195}.Debug|x86.ActiveCfg = Debug|Win32
		{36A7284D-CAC8-438A-B077-B71D610FC195}.Debug|x86.Build.0 = Debug|Win32
		{36A7284D-CAC8-438A-B077-B71D610FC195}.Release|x64.ActiveCfg = Release|x64
		{36A7284D-CAC8-438A-B077-B71D610FC195}.Release|x64.Build.0 = Release|x64
		{36A7284D-CAC8-438A-B077-B71D610FC195}.Release|x86.ActiveCfg = Release|Win32
		{36A7284D-CAC8-438A-B077-B71D610FC195}.Release|x86.Build.0 = Release|Win32
		{7643B86E-18B2-49A1-AD9B-37D442C49C28}.Debug|x64.ActiveCfg = Debug|x64
		{7643B86E-18B2-49A1-AD9B-37D442C49C28}.Debug|x64.Build.0 = Debug|x64
		{7643B86E-18B2-49A1-AD9B-37D442C49C28}.Debug|x86.ActiveCfg = Debug|Win32
		{7643B86E-18B2-49A1-AD9B-37D442C49C28}.Debug|x86.Build.0 = Debug|Win32
		{7643B86E-18B2-49A1-AD9B-37D442C49C28}.Release|x64.ActiveCfg = Release|x64
		{7643B86E-18B2-49A1-AD9B-37D442C49C28}.Release|x64.Build.0 = Release|x64
		{7643B86E-18B2-49A1-AD9B-37D442C49C28}.Release|x86.ActiveCfg = Release|Win32
		{7643B86E-18B2-49A1-AD9B-37D442C49C28}.Release|x86.Build.0 = Release|Win32
		{6BBA09A7-2E49-449F-ABDA-DA3087912556}.Debug|x64.ActiveCfg = Debug|x64
		{6BBA09A7-2E49-449F-ABDA-DA3087912556}.Debug|x64.Build.0 = Debug|x64
		{6BBA09A7-2E49-449F-ABDA-DA3087912556}.Debug|x86.ActiveCfg = Debug|Win32
		{6BBA09A7-2E49-449F-ABDA-DA3087912556}.Debug|x86.Build.0 = Debug|Win32
		{6BBA09A7-2E49-449F-ABDA-DA3087912556}.Release|x64.ActiveCfg = Release|x64
		{6BBA09A7-2E49-449F-ABDA-DA3087912556}.Release|x64.Build.0 = Release|x64
		{6BBA09A7-2E49-449F-ABDA-DA3087912556}.Release|x86.ActiveCfg = Release|Win32
		{6BBA09A7-2E49-449F-ABDA-DA3087912556}.Release|x86.Build.0 = Release|Win32
		{DBAAD9EC-AE54-43BE-975E-B138102EE093}.Debug|x64.ActiveCfg = Debug|x64
		{DBAAD9EC-AE54-43BE-975E-B138102EE093}.Debug|x64.Build.0 = Debug|x64
		{DBAAD9EC-AE54-43BE-975E-B138102EE093}.Debug|x86.ActiveCfg = Debug|Win32
		{DBAAD9EC-AE54-43BE-975E-B138102EE093}.Debug|x86.Build.0 = Debug|Win32
		{DBAAD9EC-AE54-43BE-975E-B138102EE093}.Release|x64.ActiveCfg = Release|x64
		{DBAAD9EC-AE54-43BE-975E-B138102EE093}.Release|x64.Build.0 = Release|x64
		{DBAAD9EC-AE54-43BE-975E-B138102EE093}.Release|x86.ActiveCfg = Release|Win32
		{DBAAD9EC-AE54-43BE-975E-B138102EE093}.Release|x86.Build.0 = Release|Win32
		{6762A7CD-C2E7-43AA-87F5-A8D32990AEC6}.Debug|x64.ActiveCfg = Debug|x64
		{6762A7CD-C2E7-43AA-87F5-A8D32990AEC6}.Debug|x64.Build.0 = Debug|x64
		{6762A7CD-C2E7-43AA-87F5-A8D32990AEC6}.Debug|x86.ActiveCfg = Debug|Win32
		{6762A7CD-C2E7-43AA-87F5-A8D32990AEC6}.Debug|x86.Build.0 = Debug|Win32
		{6762A7CD-C2E7-43AA-87F5-A8D32990AEC6}.Release|x64.ActiveCfg = Release|x64
		{6762A7CD-C2E7-43AA-87F5-A8D32990AEC6}.Release|x64.Build.0 = Release|x64
		{6762A7CD-C2E7-43AA-87F5-A8D32990AEC6}.Release|x86.ActiveCfg = Release|Win32
		{6762A7CD-C2E7-43AA-87F5-A8D32990AEC6}.Release|x86.Build.0 = Release|Win32
		{41ECB749-6778-4363-93D5-9CB994DD8C3B}.Debug|x64.ActiveCfg = Debug|x64
		{41ECB749-6778-4363-93D5-9CB994DD8C3B}.Debug|x64.Build.0 = Debug|x64
		{41ECB749-6778-4363-93D5-9CB994DD8C3B}.Debug|x86.ActiveCfg = Debug|Win32
		{41ECB749-6778-4363-93D5-9CB994DD8C3B}.Debug|x86.Build.0 = Debug|Win32
		{41ECB749-6778-4363-93D5-9CB994DD8C3B}.Release|x64.ActiveCfg = Release|x64
		{41ECB749-6778-4363-93D5-9CB994DD8C3B}.Release|x64.Build.0 = Release|x64
		{41ECB749-6778-4363-93D5-9CB994DD8C3B}.Release|x86.ActiveCfg = Release|Win32
		{41ECB749-6778-4363-93D5-9CB994DD8C3B}.Release|x86.Build.0 = Release|Win32
		{3EB1A4CB-E8A0-41D6-A3A1-5B6C08F2105E}.Debug|x64.ActiveCfg = Debug|x64
		{3EB1A4CB-E8A0-41D6-A3A1-5B6C08F2105E}.Debug|x64.Build.0 = Debug|x64
		{3EB1A4CB-E8A0-41D6-A3A1-5B6C08F2105E}.Debug|x86.ActiveCfg = Debug|Win32
		{3EB1A4CB-E8A0-41D6-A3A1-5B6C08F2105E}.Debug|x86.Build.0 = Debug|Win32
		{3EB1A4CB-E8A0-41D6-A3A1-5B6C08F2105E}.Release|x64.ActiveCfg = Release|x64
		{3EB1A4CB-E8A0-41D6-A3A1-5B6C08F2105E}.Release|x64.Build.0 = Release|x64
		{3EB1A4CB-E8A0-41D6-A3A1-5B6C08F2105E}.Release|x86.ActiveCfg = Release|Win32
		{3EB1A4CB-E8A0-41D6-A3A1-5B6C08F2105E}.Release|x86.Build.0 = Release|Win32
		{1725C343-7EC7-424A-B2A1-39451137144A}.Debug|x64.ActiveCfg = Debug|x64
		{1725C343-7EC7-424A-B2A1-39451137144A}.Debug|x64.Build.0 = Debug|x64
		{1725C343-7EC7-424A-B2A1-39451137144A}.Debug|x86.ActiveCfg = Debug|Win32
		{1725C343-7EC7-424A-B2A1-39451137144A}.Debug|x86.Build.0 = Debug|Win32
		{1725C343-7EC7-424A-B2A1-39451137144A}.Release|x64.ActiveCfg = Release|x64
		{1725C343-7EC7-424A-B2A1-39451137144A}.Release|x64.Build.0 = Release|x64
		{1725C343-7EC7-424A-B2A1-39451137144A}.Release|x86.ActiveCfg = Release|Win32
		{1725C343-7EC7-424A-B2A1-39451137144A}.Release|x86.Build.0 = Release|Win32
		{F63C79E4-E8ED-4ACA-BD17-58CB03137D38}.Debug|x64.ActiveCfg = Debug|x64
		{F63C79E4-E8ED-4ACA-BD17-58CB03137D38}.Debug|x64.Build.0 = Debug|x64
		{F63C79E4-E8ED-4ACA-BD17-58CB03137D38}.Debug|x86.ActiveCfg = Debug|Win32
		{F63C79E4-E8ED-4ACA-BD17-58CB03137D38}.Debug|x86.Build.0 = Debug|Win32
		{F63C79E4-E8ED-4ACA-BD17-58CB03137D38}.Release|x64.ActiveCfg = Release|x64
		{F63C79E4-E8ED-4ACA-BD17-58CB03137D38}.Release|x64.Build.0 = Release|x64
		{F63C79E4-E8ED-4ACA-BD17-58CB03137D38}.Release|x86.ActiveCfg = Release|Win32
		{F63C79E4-E8ED-4ACA-BD17-58CB03137D38}.Release|x86.Build.0 = Release|Win32
		{28F1AFA6-7FB2-414D-A465-F9F55F6D2205}.Debug|x64.ActiveCfg = Debug|x64
		{28F1AFA6-7FB2-414D-A465-F9F55F6D2205}.Debug|x64.Build.0 = Debug|x64
		{28F1AFA6-7FB2-414D-A465-F9F55F6D2205}.Debug|x86.ActiveCfg = Debug|Win32
		{28F1AFA6-7FB2-414D-A465-F9F55F6D2205}.Debug|x86.Build.0 = Debug|Win32
		{28F1AFA6-7FB2-414D-A465-F9F55F6D2205}.Release|x64.ActiveCfg = Release|x64
		{28F1AFA6-7FB2-414D-A465-F9F55F6D2205}.Release|x64.Build.0 = Release|x64
		{28F1AFA6-7FB2-414D-A465-F9F55F6D2205}.Release|x86.ActiveCfg = Release|Win32
		{28F1AFA6-7FB2-414D-A465-F9F55F6D2205}.Release|x86.Build.0 = Release|Win32
		{547B7879-0F6F-4502-AB85-24A79F067496}.Debug|x64.ActiveCfg = Debug|x64
		{547B7879-0F6F-4502-AB85-24A79F067496}.Debug|x64.Build.0 = Debug|x64
		{547B7879-0F6F-4502-AB85-24A79F067496}.Debug|x86.ActiveCfg = Debug|Win32
		{547B7879-0F6F-4502-AB85-24A79F067496}.Debug|x86.Build.0 = Debug|Win32
		{547B7879-0F6F-4502-AB85-24A79F067496}.Release|x64.ActiveCfg = Release|x64
		{547B7879-0F6F-4502-AB85-24A79F067496}.Release|x64.Build.0 = Release|x64
		{547B7879-0F6F-4502-AB85-24A79F067496}.Release|x86.ActiveCfg = Release|Win32
		{547B7879-0F6F-4502-AB85-24A79F067496}.Release|x86.Build.0 = Release|Win32
		{7825AF6F-CE06-4DC8-93F6-8BD4061F89D7}.Debug|x64.ActiveCfg = Debug|x64
		{7825AF6F-CE06-4DC8-93F6-8BD4061F89D7}.Debug|x64.Build.0 = Debug|x64
		{7825AF6F-CE06-4DC8-93F6-8BD4061F89D7}.Debug|x86.ActiveCfg = Debug|Win32
		{7825AF6F-CE06-4DC8-93F6-8BD4061F89D7}.Debug|x86.Build.0 = Debug|Win32
		{7825AF6F-CE06-4DC8-93F6-8BD4061F89D7}.Release|x64.ActiveCfg = Release|x64
		{7825AF6F-CE06-4DC8-93F6-8BD4061F89D7}.Release|x64.Build.0 = Release|x64
		{7825AF6F-CE06-4DC8-93F6-8BD4061F89D7}.Release|x86.ActiveCfg = Release|Win32
		{7825AF6F-CE06-4DC8-93F6-8BD4061F89D7}.Release|x86.Build.0 = Release|Win32
		{E2381AB2-31B6-4C24-8499-A8A7A1ED909E}.Debug|x64.ActiveCfg = Debug|x64
		{E2381AB2-31B6-4C24-8499-A8A7A1ED909E}.Debug|x64.Build.0 = Debug|x64
		{E2381AB2-31B6-4C24-8499-A8A7A1ED909E}.Debug|x86.ActiveCfg = Debug|Win32
		{E2381AB2-31B6-4C24-8499-A8A7A1ED909E}.Debug|x86.Build.0 = Debug|Win32
		{E2381AB2-31B6-4C24-8499-A8A7A1ED909E}.Release|x64.ActiveCfg = Release|x64
		{E2381AB2-31B6-4C24-8499-A8A7A1ED909E}.Release|x64.Build.0 = Release|x64
		{E2381AB2-31B6-4C24-8499-A8A7A1ED909E}.Release|x86.ActiveCfg = Release|Win32
		{E2381AB2-31B6-4C24-8499-A8A7A1ED909E}.Release|x86.Build.0 = Release|Win32
		{288A3549-616A-4242-8877-FD27540ACCA9}.Debug|x64.ActiveCfg = Debug|x64
		{288A3549-616A-4242-8877-FD27540ACCA9}.Debug|x64.Build.0 = Debug|x64
		{288A3549-616A-4242-8877-FD27540ACCA9}.Debug|x86.ActiveCfg = Debug|Win32
		{288A3549-616A-4242-8877-FD27540ACCA9}.Debug|x86.Build.0 = Debug|Win32
		{288A3549-616A-4242-8877-FD27540ACCA9}.Release|x64.ActiveCfg = Release|x64
		{288A3549-616A-4242-8877-FD27540ACCA9}.Release|x64.Build.0 = Release|x64
		{288A3549-616A-4242-8877-FD27540ACCA9}.Release|x86.ActiveCfg = Release|Win32
		{288A3549-616A-4242-8877-FD27540ACCA9}.Release|x86.Build.0 = Release|Win32
		{37C01C60-51F0-4F72-9545-4359B97DCB80}.Debug|x64.ActiveCfg = Debug|x64
		{37C01C60-51F0-4F72-9545-4359B97DCB80}.Debug|x64.Build.0 = Debug|x64
		{37C01C60-51F0-4F72-9545-4359B97DCB80}.Debug|x86.ActiveCfg = Debug|Win32
		{37C01C60-51F0-4F72-9545-4359B97DCB80}.Debug|x86.Build.0 = Debug|Win32
		{37C01C60-51F0-4F72-9545-4359B97DCB80}.Release|x64.ActiveCfg = Release|x64
		{37C01C60-51F0-4F72-9545-4359B97DCB80}.Release|x64.Build.0 = Release|x64
		{37C01C60-51F0-4F72-9545-4359B97DCB80}.Release|x86.ActiveCfg = Release|Win32
		{37C01C60-51F0-4F72-9545-4359B97DCB80}.Release|x86.Build.0 = Release|Win32
		{55F42509-1BF9-4D72-93AC-6893CA65F1CB}.Debug|x64.ActiveCfg = Debug|x64
		{55F42509-1BF9-4D72-93AC-6893CA65F1CB}.Debug|x64.Build.0 = Debug|x64
		{55F42509-1BF9-4D72-93AC-6893CA65F1CB}.Debug|x86.ActiveCfg = Debug|Win32
		{55F42509-1BF9-4D72-93AC-6893CA65F1CB}.Debug|x86.Build.0 = Debug|Win32
		{55F42509-1BF9-4D72-93AC-6893CA65F1CB}.Release|x64.ActiveCfg = Release|x64
		{55F42509-1BF9-4D72-93AC-6893CA65F1CB}.Release|x64.Build.0 = Release|x64
		{55F42509-1BF9-4D72-93AC-6893CA65F1CB}.Release|x86.ActiveCfg = Release|Win32
		{55F42509-1BF9-4D72-93AC-6893CA65F1CB}.Release|x86.Build.0 = Release|Win32
	EndGlobalSection
	GlobalSection(SolutionProperties) = preSolution
		HideSolutionNode = FALSE
	EndGlobalSection
EndGlobal
