
Microsoft Visual Studio Solution File, Format Version 12.00
# Visual Studio Version 17
VisualStudioVersion = 17.12.35527.113
MinimumVisualStudioVersion = 10.0.40219.1
Project("{8BC9CEB8-8B4A-11D0-8D11-00A0C91BC942}") = "Chap01", "Chap01\Chap01.vcxproj", "{679B08EC-1CBC-45EE-9297-E45B6FBF6579}"
EndProject
Project("{8BC9CEB8-8B4A-11D0-8D11-00A0C91BC942}") = "Chap02", "Chap02\Chap02.vcxproj", "{0F692A3B-EEA4-463E-9FE8-55E886E4EE30}"
EndProject
Project("{8BC9CEB8-8B4A-11D0-8D11-00A0C91BC942}") = "Chap03&04", "Chap03\Chap03.vcxproj", "{810E0F29-1AC9-4268-9597-89CE5102E04B}"
EndProject
Project("{8BC9CEB8-8B4A-11D0-8D11-00A0C91BC942}") = "Chap05", "Chap05\Chap05.vcxproj", "{AD17159A-EB75-4491-9BBB-C67955A788A5}"
EndProject
Project("{8BC9CEB8-8B4A-11D0-8D11-00A0C91BC942}") = "workshop01", "workshop01\workshop01.vcxproj", "{B2895998-381A-4CB7-B426-C0C70421E0E8}"
EndProject
Project("{8BC9CEB8-8B4A-11D0-8D11-00A0C91BC942}") = "Chap06", "Chap06\Chap06.vcxproj", "{39F38882-464A-4A78-8F87-966F26FFD92F}"
EndProject
Project("{8BC9CEB8-8B4A-11D0-8D11-00A0C91BC942}") = "Chap07", "Chap07\Chap07.vcxproj", "{C6121578-D32A-41C7-9BC8-1BA27045F86F}"
EndProject
Project("{8BC9CEB8-8B4A-11D0-8D11-00A0C91BC942}") = "Chap08", "Chap08\Chap08.vcxproj", "{ED965488-DE5E-4AFD-B964-A27CF8A91042}"
EndProject
Project("{8BC9CEB8-8B4A-11D0-8D11-00A0C91BC942}") = "Chap09", "Chap09\Chap09.vcxproj", "{94426AF4-533F-4F18-8319-EE37C254BC35}"
EndProject
Project("{8BC9CEB8-8B4A-11D0-8D11-00A0C91BC942}") = "workshop03", "workshop03\workshop03.vcxproj", "{51E1353C-2B85-4525-9822-BB45459D6F62}"
EndProject
Project("{8BC9CEB8-8B4A-11D0-8D11-00A0C91BC942}") = "Chap10&11", "Chap10&11\Chap10&11.vcxproj", "{6D785FDE-D2E9-400D-9444-B2694D3DE108}"
EndProject
Project("{8BC9CEB8-8B4A-11D0-8D11-00A0C91BC942}") = "Chap12", "Chap12\Chap12.vcxproj", "{969D2D5E-35D1-4EE5-BCC6-106936C2C716}"
EndProject
Project("{8BC9CEB8-8B4A-11D0-8D11-00A0C91BC942}") = "workshop04", "workshop04\workshop04.vcxproj", "{15E9CC7D-F494-4283-A382-D6BC49BA7FCA}"
EndProject
Project("{8BC9CEB8-8B4A-11D0-8D11-00A0C91BC942}") = "Chap13", "Chap13\Chap13.vcxproj", "{CAF09C5C-CD34-4DEA-8E29-17558931B51D}"
EndProject
Project("{8BC9CEB8-8B4A-11D0-8D11-00A0C91BC942}") = "Chap14", "Chap14\Chap14.vcxproj", "{F444CB0D-62EF-4115-B808-69B325255324}"
EndProject
Project("{8BC9CEB8-8B4A-11D0-8D11-00A0C91BC942}") = "Chap17", "Chap17\Chap17.vcxproj", "{4B174EF5-93C3-45A6-82A4-98C5CBA7598B}"
EndProject
Project("{8BC9CEB8-8B4A-11D0-8D11-00A0C91BC942}") = "Chap15", "Chap15\Chap15.vcxproj", "{D1C0B1AC-352F-43D5-BBC1-B5FDCB337AFE}"
EndProject
Project("{8BC9CEB8-8B4A-11D0-8D11-00A0C91BC942}") = "Chap16", "Chap16\Chap16.vcxproj", "{C053906C-E71C-4C81-8AF1-166B13933CA7}"
EndProject
Global
	GlobalSection(SolutionConfigurationPlatforms) = preSolution
		Debug|x64 = Debug|x64
		Debug|x86 = Debug|x86
		Release|x64 = Release|x64
		Release|x86 = Release|x86
	EndGlobalSection
	GlobalSection(ProjectConfigurationPlatforms) = postSolution
		{679B08EC-1CBC-45EE-9297-E45B6FBF6579}.Debug|x64.ActiveCfg = Debug|x64
		{679B08EC-1CBC-45EE-9297-E45B6FBF6579}.Debug|x64.Build.0 = Debug|x64
		{679B08EC-1CBC-45EE-9297-E45B6FBF6579}.Debug|x86.ActiveCfg = Debug|Win32
		{679B08EC-1CBC-45EE-9297-E45B6FBF6579}.Debug|x86.Build.0 = Debug|Win32
		{679B08EC-1CBC-45EE-9297-E45B6FBF6579}.Release|x64.ActiveCfg = Release|x64
		{679B08EC-1CBC-45EE-9297-E45B6FBF6579}.Release|x64.Build.0 = Release|x64
		{679B08EC-1CBC-45EE-9297-E45B6FBF6579}.Release|x86.ActiveCfg = Release|Win32
		{679B08EC-1CBC-45EE-9297-E45B6FBF6579}.Release|x86.Build.0 = Release|Win32
		{0F692A3B-EEA4-463E-9FE8-55E886E4EE30}.Debug|x64.ActiveCfg = Debug|x64
		{0F692A3B-EEA4-463E-9FE8-55E886E4EE30}.Debug|x64.Build.0 = Debug|x64
		{0F692A3B-EEA4-463E-9FE8-55E886E4EE30}.Debug|x86.ActiveCfg = Debug|Win32
		{0F692A3B-EEA4-463E-9FE8-55E886E4EE30}.Debug|x86.Build.0 = Debug|Win32
		{0F692A3B-EEA4-463E-9FE8-55E886E4EE30}.Release|x64.ActiveCfg = Release|x64
		{0F692A3B-EEA4-463E-9FE8-55E886E4EE30}.Release|x64.Build.0 = Release|x64
		{0F692A3B-EEA4-463E-9FE8-55E886E4EE30}.Release|x86.ActiveCfg = Release|Win32
		{0F692A3B-EEA4-463E-9FE8-55E886E4EE30}.Release|x86.Build.0 = Release|Win32
		{810E0F29-1AC9-4268-9597-89CE5102E04B}.Debug|x64.ActiveCfg = Debug|x64
		{810E0F29-1AC9-4268-9597-89CE5102E04B}.Debug|x64.Build.0 = Debug|x64
		{810E0F29-1AC9-4268-9597-89CE5102E04B}.Debug|x86.ActiveCfg = Debug|Win32
		{810E0F29-1AC9-4268-9597-89CE5102E04B}.Debug|x86.Build.0 = Debug|Win32
		{810E0F29-1AC9-4268-9597-89CE5102E04B}.Release|x64.ActiveCfg = Release|x64
		{810E0F29-1AC9-4268-9597-89CE5102E04B}.Release|x64.Build.0 = Release|x64
		{810E0F29-1AC9-4268-9597-89CE5102E04B}.Release|x86.ActiveCfg = Release|Win32
		{810E0F29-1AC9-4268-9597-89CE5102E04B}.Release|x86.Build.0 = Release|Win32
		{AD17159A-EB75-4491-9BBB-C67955A788A5}.Debug|x64.ActiveCfg = Debug|x64
		{AD17159A-EB75-4491-9BBB-C67955A788A5}.Debug|x64.Build.0 = Debug|x64
		{AD17159A-EB75-4491-9BBB-C67955A788A5}.Debug|x86.ActiveCfg = Debug|Win32
		{AD17159A-EB75-4491-9BBB-C67955A788A5}.Debug|x86.Build.0 = Debug|Win32
		{AD17159A-EB75-4491-9BBB-C67955A788A5}.Release|x64.ActiveCfg = Release|x64
		{AD17159A-EB75-4491-9BBB-C67955A788A5}.Release|x64.Build.0 = Release|x64
		{AD17159A-EB75-4491-9BBB-C67955A788A5}.Release|x86.ActiveCfg = Release|Win32
		{AD17159A-EB75-4491-9BBB-C67955A788A5}.Release|x86.Build.0 = Release|Win32
		{B2895998-381A-4CB7-B426-C0C70421E0E8}.Debug|x64.ActiveCfg = Debug|x64
		{B2895998-381A-4CB7-B426-C0C70421E0E8}.Debug|x64.Build.0 = Debug|x64
		{B2895998-381A-4CB7-B426-C0C70421E0E8}.Debug|x86.ActiveCfg = Debug|Win32
		{B2895998-381A-4CB7-B426-C0C70421E0E8}.Debug|x86.Build.0 = Debug|Win32
		{B2895998-381A-4CB7-B426-C0C70421E0E8}.Release|x64.ActiveCfg = Release|x64
		{B2895998-381A-4CB7-B426-C0C70421E0E8}.Release|x64.Build.0 = Release|x64
		{B2895998-381A-4CB7-B426-C0C70421E0E8}.Release|x86.ActiveCfg = Release|Win32
		{B2895998-381A-4CB7-B426-C0C70421E0E8}.Release|x86.Build.0 = Release|Win32
		{39F38882-464A-4A78-8F87-966F26FFD92F}.Debug|x64.ActiveCfg = Debug|x64
		{39F38882-464A-4A78-8F87-966F26FFD92F}.Debug|x64.Build.0 = Debug|x64
		{39F38882-464A-4A78-8F87-966F26FFD92F}.Debug|x86.ActiveCfg = Debug|Win32
		{39F38882-464A-4A78-8F87-966F26FFD92F}.Debug|x86.Build.0 = Debug|Win32
		{39F38882-464A-4A78-8F87-966F26FFD92F}.Release|x64.ActiveCfg = Release|x64
		{39F38882-464A-4A78-8F87-966F26FFD92F}.Release|x64.Build.0 = Release|x64
		{39F38882-464A-4A78-8F87-966F26FFD92F}.Release|x86.ActiveCfg = Release|Win32
		{39F38882-464A-4A78-8F87-966F26FFD92F}.Release|x86.Build.0 = Release|Win32
		{C6121578-D32A-41C7-9BC8-1BA27045F86F}.Debug|x64.ActiveCfg = Debug|x64
		{C6121578-D32A-41C7-9BC8-1BA27045F86F}.Debug|x64.Build.0 = Debug|x64
		{C6121578-D32A-41C7-9BC8-1BA27045F86F}.Debug|x86.ActiveCfg = Debug|Win32
		{C6121578-D32A-41C7-9BC8-1BA27045F86F}.Debug|x86.Build.0 = Debug|Win32
		{C6121578-D32A-41C7-9BC8-1BA27045F86F}.Release|x64.ActiveCfg = Release|x64
		{C6121578-D32A-41C7-9BC8-1BA27045F86F}.Release|x64.Build.0 = Release|x64
		{C6121578-D32A-41C7-9BC8-1BA27045F86F}.Release|x86.ActiveCfg = Release|Win32
		{C6121578-D32A-41C7-9BC8-1BA27045F86F}.Release|x86.Build.0 = Release|Win32
		{ED965488-DE5E-4AFD-B964-A27CF8A91042}.Debug|x64.ActiveCfg = Debug|x64
		{ED965488-DE5E-4AFD-B964-A27CF8A91042}.Debug|x64.Build.0 = Debug|x64
		{ED965488-DE5E-4AFD-B964-A27CF8A91042}.Debug|x86.ActiveCfg = Debug|Win32
		{ED965488-DE5E-4AFD-B964-A27CF8A91042}.Debug|x86.Build.0 = Debug|Win32
		{ED965488-DE5E-4AFD-B964-A27CF8A91042}.Release|x64.ActiveCfg = Release|x64
		{ED965488-DE5E-4AFD-B964-A27CF8A91042}.Release|x64.Build.0 = Release|x64
		{ED965488-DE5E-4AFD-B964-A27CF8A91042}.Release|x86.ActiveCfg = Release|Win32
		{ED965488-DE5E-4AFD-B964-A27CF8A91042}.Release|x86.Build.0 = Release|Win32
		{94426AF4-533F-4F18-8319-EE37C254BC35}.Debug|x64.ActiveCfg = Debug|x64
		{94426AF4-533F-4F18-8319-EE37C254BC35}.Debug|x64.Build.0 = Debug|x64
		{94426AF4-533F-4F18-8319-EE37C254BC35}.Debug|x86.ActiveCfg = Debug|Win32
		{94426AF4-533F-4F18-8319-EE37C254BC35}.Debug|x86.Build.0 = Debug|Win32
		{94426AF4-533F-4F18-8319-EE37C254BC35}.Release|x64.ActiveCfg = Release|x64
		{94426AF4-533F-4F18-8319-EE37C254BC35}.Release|x64.Build.0 = Release|x64
		{94426AF4-533F-4F18-8319-EE37C254BC35}.Release|x86.ActiveCfg = Release|Win32
		{94426AF4-533F-4F18-8319-EE37C254BC35}.Release|x86.Build.0 = Release|Win32
		{51E1353C-2B85-4525-9822-BB45459D6F62}.Debug|x64.ActiveCfg = Debug|x64
		{51E1353C-2B85-4525-9822-BB45459D6F62}.Debug|x64.Build.0 = Debug|x64
		{51E1353C-2B85-4525-9822-BB45459D6F62}.Debug|x86.ActiveCfg = Debug|Win32
		{51E1353C-2B85-4525-9822-BB45459D6F62}.Debug|x86.Build.0 = Debug|Win32
		{51E1353C-2B85-4525-9822-BB45459D6F62}.Release|x64.ActiveCfg = Release|x64
		{51E1353C-2B85-4525-9822-BB45459D6F62}.Release|x64.Build.0 = Release|x64
		{51E1353C-2B85-4525-9822-BB45459D6F62}.Release|x86.ActiveCfg = Release|Win32
		{51E1353C-2B85-4525-9822-BB45459D6F62}.Release|x86.Build.0 = Release|Win32
		{6D785FDE-D2E9-400D-9444-B2694D3DE108}.Debug|x64.ActiveCfg = Debug|x64
		{6D785FDE-D2E9-400D-9444-B2694D3DE108}.Debug|x64.Build.0 = Debug|x64
		{6D785FDE-D2E9-400D-9444-B2694D3DE108}.Debug|x86.ActiveCfg = Debug|Win32
		{6D785FDE-D2E9-400D-9444-B2694D3DE108}.Debug|x86.Build.0 = Debug|Win32
		{6D785FDE-D2E9-400D-9444-B2694D3DE108}.Release|x64.ActiveCfg = Release|x64
		{6D785FDE-D2E9-400D-9444-B2694D3DE108}.Release|x64.Build.0 = Release|x64
		{6D785FDE-D2E9-400D-9444-B2694D3DE108}.Release|x86.ActiveCfg = Release|Win32
		{6D785FDE-D2E9-400D-9444-B2694D3DE108}.Release|x86.Build.0 = Release|Win32
		{969D2D5E-35D1-4EE5-BCC6-106936C2C716}.Debug|x64.ActiveCfg = Debug|x64
		{969D2D5E-35D1-4EE5-BCC6-106936C2C716}.Debug|x64.Build.0 = Debug|x64
		{969D2D5E-35D1-4EE5-BCC6-106936C2C716}.Debug|x86.ActiveCfg = Debug|Win32
		{969D2D5E-35D1-4EE5-BCC6-106936C2C716}.Debug|x86.Build.0 = Debug|Win32
		{969D2D5E-35D1-4EE5-BCC6-106936C2C716}.Release|x64.ActiveCfg = Release|x64
		{969D2D5E-35D1-4EE5-BCC6-106936C2C716}.Release|x64.Build.0 = Release|x64
		{969D2D5E-35D1-4EE5-BCC6-106936C2C716}.Release|x86.ActiveCfg = Release|Win32
		{969D2D5E-35D1-4EE5-BCC6-106936C2C716}.Release|x86.Build.0 = Release|Win32
		{15E9CC7D-F494-4283-A382-D6BC49BA7FCA}.Debug|x64.ActiveCfg = Debug|x64
		{15E9CC7D-F494-4283-A382-D6BC49BA7FCA}.Debug|x64.Build.0 = Debug|x64
		{15E9CC7D-F494-4283-A382-D6BC49BA7FCA}.Debug|x86.ActiveCfg = Debug|Win32
		{15E9CC7D-F494-4283-A382-D6BC49BA7FCA}.Debug|x86.Build.0 = Debug|Win32
		{15E9CC7D-F494-4283-A382-D6BC49BA7FCA}.Release|x64.ActiveCfg = Release|x64
		{15E9CC7D-F494-4283-A382-D6BC49BA7FCA}.Release|x64.Build.0 = Release|x64
		{15E9CC7D-F494-4283-A382-D6BC49BA7FCA}.Release|x86.ActiveCfg = Release|Win32
		{15E9CC7D-F494-4283-A382-D6BC49BA7FCA}.Release|x86.Build.0 = Release|Win32
		{CAF09C5C-CD34-4DEA-8E29-17558931B51D}.Debug|x64.ActiveCfg = Debug|x64
		{CAF09C5C-CD34-4DEA-8E29-17558931B51D}.Debug|x64.Build.0 = Debug|x64
		{CAF09C5C-CD34-4DEA-8E29-17558931B51D}.Debug|x86.ActiveCfg = Debug|Win32
		{CAF09C5C-CD34-4DEA-8E29-17558931B51D}.Debug|x86.Build.0 = Debug|Win32
		{CAF09C5C-CD34-4DEA-8E29-17558931B51D}.Release|x64.ActiveCfg = Release|x64
		{CAF09C5C-CD34-4DEA-8E29-17558931B51D}.Release|x64.Build.0 = Release|x64
		{CAF09C5C-CD34-4DEA-8E29-17558931B51D}.Release|x86.ActiveCfg = Release|Win32
		{CAF09C5C-CD34-4DEA-8E29-17558931B51D}.Release|x86.Build.0 = Release|Win32
		{F444CB0D-62EF-4115-B808-69B325255324}.Debug|x64.ActiveCfg = Debug|x64
		{F444CB0D-62EF-4115-B808-69B325255324}.Debug|x64.Build.0 = Debug|x64
		{F444CB0D-62EF-4115-B808-69B325255324}.Debug|x86.ActiveCfg = Debug|Win32
		{F444CB0D-62EF-4115-B808-69B325255324}.Debug|x86.Build.0 = Debug|Win32
		{F444CB0D-62EF-4115-B808-69B325255324}.Release|x64.ActiveCfg = Release|x64
		{F444CB0D-62EF-4115-B808-69B325255324}.Release|x64.Build.0 = Release|x64
		{F444CB0D-62EF-4115-B808-69B325255324}.Release|x86.ActiveCfg = Release|Win32
		{F444CB0D-62EF-4115-B808-69B325255324}.Release|x86.Build.0 = Release|Win32
		{4B174EF5-93C3-45A6-82A4-98C5CBA7598B}.Debug|x64.ActiveCfg = Debug|x64
		{4B174EF5-93C3-45A6-82A4-98C5CBA7598B}.Debug|x64.Build.0 = Debug|x64
		{4B174EF5-93C3-45A6-82A4-98C5CBA7598B}.Debug|x86.ActiveCfg = Debug|Win32
		{4B174EF5-93C3-45A6-82A4-98C5CBA7598B}.Debug|x86.Build.0 = Debug|Win32
		{4B174EF5-93C3-45A6-82A4-98C5CBA7598B}.Release|x64.ActiveCfg = Release|x64
		{4B174EF5-93C3-45A6-82A4-98C5CBA7598B}.Release|x64.Build.0 = Release|x64
		{4B174EF5-93C3-45A6-82A4-98C5CBA7598B}.Release|x86.ActiveCfg = Release|Win32
		{4B174EF5-93C3-45A6-82A4-98C5CBA7598B}.Release|x86.Build.0 = Release|Win32
		{D1C0B1AC-352F-43D5-BBC1-B5FDCB337AFE}.Debug|x64.ActiveCfg = Debug|x64
		{D1C0B1AC-352F-43D5-BBC1-B5FDCB337AFE}.Debug|x64.Build.0 = Debug|x64
		{D1C0B1AC-352F-43D5-BBC1-B5FDCB337AFE}.Debug|x86.ActiveCfg = Debug|Win32
		{D1C0B1AC-352F-43D5-BBC1-B5FDCB337AFE}.Debug|x86.Build.0 = Debug|Win32
		{D1C0B1AC-352F-43D5-BBC1-B5FDCB337AFE}.Release|x64.ActiveCfg = Release|x64
		{D1C0B1AC-352F-43D5-BBC1-B5FDCB337AFE}.Release|x64.Build.0 = Release|x64
		{D1C0B1AC-352F-43D5-BBC1-B5FDCB337AFE}.Release|x86.ActiveCfg = Release|Win32
		{D1C0B1AC-352F-43D5-BBC1-B5FDCB337AFE}.Release|x86.Build.0 = Release|Win32
		{C053906C-E71C-4C81-8AF1-166B13933CA7}.Debug|x64.ActiveCfg = Debug|x64
		{C053906C-E71C-4C81-8AF1-166B13933CA7}.Debug|x64.Build.0 = Debug|x64
		{C053906C-E71C-4C81-8AF1-166B13933CA7}.Debug|x86.ActiveCfg = Debug|Win32
		{C053906C-E71C-4C81-8AF1-166B13933CA7}.Debug|x86.Build.0 = Debug|Win32
		{C053906C-E71C-4C81-8AF1-166B13933CA7}.Release|x64.ActiveCfg = Release|x64
		{C053906C-E71C-4C81-8AF1-166B13933CA7}.Release|x64.Build.0 = Release|x64
		{C053906C-E71C-4C81-8AF1-166B13933CA7}.Release|x86.ActiveCfg = Release|Win32
		{C053906C-E71C-4C81-8AF1-166B13933CA7}.Release|x86.Build.0 = Release|Win32
	EndGlobalSection
	GlobalSection(SolutionProperties) = preSolution
		HideSolutionNode = FALSE
	EndGlobalSection
EndGlobal
